
Microsoft Visual Studio Solution File, Format Version 12.00
# Visual Studio Version 16
VisualStudioVersion = 16.0.29926.136
MinimumVisualStudioVersion = 10.0.40219.1
Project("{9A19103F-16F7-4668-BE54-9A1E7A4F7556}") = "Tutorial", "Tutorial\Tutorial.csproj", "{61441FAB-86B1-4E76-BEDE-D58F2A805C41}"
EndProject
Project("{9A19103F-16F7-4668-BE54-9A1E7A4F7556}") = "IHSLibs", "IHSLibs\IHSLibs.csproj", "{067248C3-4A07-42D7-AB22-7E04C87D2598}"
EndProject
Project("{FAE04EC0-301F-11D3-BF4B-00C04F79EFBC}") = "AssemblyTest", "AssemblyTest\AssemblyTest.csproj", "{18C8FD53-2D06-41A1-8E2D-7D963643BCEF}"
EndProject
Project("{FAE04EC0-301F-11D3-BF4B-00C04F79EFBC}") = "AssemblyTestLibrary", "AssemblyTestLibrary\AssemblyTestLibrary.csproj", "{73EF7E01-596C-428A-9895-649007DB9215}"
EndProject
Project("{FAE04EC0-301F-11D3-BF4B-00C04F79EFBC}") = "IssuesBusinessLogic", "IssuesBusinessLogic\IssuesBusinessLogic.csproj", "{3A9D4C5E-3CA7-4799-A363-682130EA47F2}"
EndProject
Project("{FAE04EC0-301F-11D3-BF4B-00C04F79EFBC}") = "IssuesTrackerInfrastructure", "IssuesTrackerInfrastructure\IssuesTrackerInfrastructure.csproj", "{AF788032-A1E7-487E-A06F-3B9F55E254E6}"
EndProject
Project("{FAE04EC0-301F-11D3-BF4B-00C04F79EFBC}") = "IssueTrackerApp", "IssueTrackerApp\IssueTrackerApp.csproj", "{9B56E97B-8ED1-470F-87C9-803905870489}"
EndProject
Global
	GlobalSection(SolutionConfigurationPlatforms) = preSolution
		Debug|Any CPU = Debug|Any CPU
		Release|Any CPU = Release|Any CPU
	EndGlobalSection
	GlobalSection(ProjectConfigurationPlatforms) = postSolution
		{61441FAB-86B1-4E76-BEDE-D58F2A805C41}.Debug|Any CPU.ActiveCfg = Debug|Any CPU
		{61441FAB-86B1-4E76-BEDE-D58F2A805C41}.Debug|Any CPU.Build.0 = Debug|Any CPU
		{61441FAB-86B1-4E76-BEDE-D58F2A805C41}.Release|Any CPU.ActiveCfg = Release|Any CPU
		{61441FAB-86B1-4E76-BEDE-D58F2A805C41}.Release|Any CPU.Build.0 = Release|Any CPU
		{067248C3-4A07-42D7-AB22-7E04C87D2598}.Debug|Any CPU.ActiveCfg = Debug|Any CPU
		{067248C3-4A07-42D7-AB22-7E04C87D2598}.Debug|Any CPU.Build.0 = Debug|Any CPU
		{067248C3-4A07-42D7-AB22-7E04C87D2598}.Release|Any CPU.ActiveCfg = Release|Any CPU
		{067248C3-4A07-42D7-AB22-7E04C87D2598}.Release|Any CPU.Build.0 = Release|Any CPU
		{18C8FD53-2D06-41A1-8E2D-7D963643BCEF}.Debug|Any CPU.ActiveCfg = Debug|Any CPU
		{18C8FD53-2D06-41A1-8E2D-7D963643BCEF}.Debug|Any CPU.Build.0 = Debug|Any CPU
		{18C8FD53-2D06-41A1-8E2D-7D963643BCEF}.Release|Any CPU.ActiveCfg = Release|Any CPU
		{18C8FD53-2D06-41A1-8E2D-7D963643BCEF}.Release|Any CPU.Build.0 = Release|Any CPU
		{73EF7E01-596C-428A-9895-649007DB9215}.Debug|Any CPU.ActiveCfg = Debug|Any CPU
		{73EF7E01-596C-428A-9895-649007DB9215}.Debug|Any CPU.Build.0 = Debug|Any CPU
		{73EF7E01-596C-428A-9895-649007DB9215}.Release|Any CPU.ActiveCfg = Release|Any CPU
		{73EF7E01-596C-428A-9895-649007DB9215}.Release|Any CPU.Build.0 = Release|Any CPU
		{3A9D4C5E-3CA7-4799-A363-682130EA47F2}.Debug|Any CPU.ActiveCfg = Debug|Any CPU
		{3A9D4C5E-3CA7-4799-A363-682130EA47F2}.Debug|Any CPU.Build.0 = Debug|Any CPU
		{3A9D4C5E-3CA7-4799-A363-682130EA47F2}.Release|Any CPU.ActiveCfg = Release|Any CPU
		{3A9D4C5E-3CA7-4799-A363-682130EA47F2}.Release|Any CPU.Build.0 = Release|Any CPU
		{AF788032-A1E7-487E-A06F-3B9F55E254E6}.Debug|Any CPU.ActiveCfg = Debug|Any CPU
		{AF788032-A1E7-487E-A06F-3B9F55E254E6}.Debug|Any CPU.Build.0 = Debug|Any CPU
		{AF788032-A1E7-487E-A06F-3B9F55E254E6}.Release|Any CPU.ActiveCfg = Release|Any CPU
		{AF788032-A1E7-487E-A06F-3B9F55E254E6}.Release|Any CPU.Build.0 = Release|Any CPU
		{9B56E97B-8ED1-470F-87C9-803905870489}.Debug|Any CPU.ActiveCfg = Debug|Any CPU
		{9B56E97B-8ED1-470F-87C9-803905870489}.Debug|Any CPU.Build.0 = Debug|Any CPU
		{9B56E97B-8ED1-470F-87C9-803905870489}.Release|Any CPU.ActiveCfg = Release|Any CPU
		{9B56E97B-8ED1-470F-87C9-803905870489}.Release|Any CPU.Build.0 = Release|Any CPU
	EndGlobalSection
	GlobalSection(SolutionProperties) = preSolution
		HideSolutionNode = FALSE
	EndGlobalSection
	GlobalSection(ExtensibilityGlobals) = postSolution
		SolutionGuid = {6D13B134-16D2-4424-A5EC-40FDA7325AAF}
	EndGlobalSection
EndGlobal
